// !$*UTF8*$!
{
	archiveVersion = 1;
	classes = {
	};
	objectVersion = 46;
	objects = {

/* Begin PBXBuildFile section */
		4B0EF1431B4B57D50068BECE /* AboutViewController.swift in Sources */ = {isa = PBXBuildFile; fileRef = 4B0EF1421B4B57D50068BECE /* AboutViewController.swift */; };
		4B0EF1451B4DFB1A0068BECE /* BullsEye.html in Resources */ = {isa = PBXBuildFile; fileRef = 4B0EF1441B4DFB1A0068BECE /* BullsEye.html */; };
		4B0EF1481B4EF7470068BECE /* Default-568h@2x.png in Resources */ = {isa = PBXBuildFile; fileRef = 4B0EF1461B4EF7470068BECE /* Default-568h@2x.png */; };
		4B0EF1491B4EF7470068BECE /* Default@2x.png in Resources */ = {isa = PBXBuildFile; fileRef = 4B0EF1471B4EF7470068BECE /* Default@2x.png */; };
		4B1D79C21B2BA5BD00E7B2EB /* AppDelegate.swift in Sources */ = {isa = PBXBuildFile; fileRef = 4B1D79C11B2BA5BD00E7B2EB /* AppDelegate.swift */; };
		4B1D79C41B2BA5BD00E7B2EB /* ViewController.swift in Sources */ = {isa = PBXBuildFile; fileRef = 4B1D79C31B2BA5BD00E7B2EB /* ViewController.swift */; };
		4B1D79C71B2BA5BD00E7B2EB /* Main.storyboard in Resources */ = {isa = PBXBuildFile; fileRef = 4B1D79C51B2BA5BD00E7B2EB /* Main.storyboard */; };
		4B1D79C91B2BA5BD00E7B2EB /* Images.xcassets in Resources */ = {isa = PBXBuildFile; fileRef = 4B1D79C81B2BA5BD00E7B2EB /* Images.xcassets */; };
		4B1D79D81B2BA5BD00E7B2EB /* BullsEyeTests.swift in Sources */ = {isa = PBXBuildFile; fileRef = 4B1D79D71B2BA5BD00E7B2EB /* BullsEyeTests.swift */; };
/* End PBXBuildFile section */

/* Begin PBXContainerItemProxy section */
		4B1D79D21B2BA5BD00E7B2EB /* PBXContainerItemProxy */ = {
			isa = PBXContainerItemProxy;
			containerPortal = 4B1D79B41B2BA5BD00E7B2EB /* Project object */;
			proxyType = 1;
			remoteGlobalIDString = 4B1D79BB1B2BA5BD00E7B2EB;
			remoteInfo = BullsEye;
		};
/* End PBXContainerItemProxy section */

/* Begin PBXFileReference section */
		4B0EF1421B4B57D50068BECE /* AboutViewController.swift */ = {isa = PBXFileReference; fileEncoding = 4; lastKnownFileType = sourcecode.swift; path = AboutViewController.swift; sourceTree = "<group>"; };
		4B0EF1441B4DFB1A0068BECE /* BullsEye.html */ = {isa = PBXFileReference; fileEncoding = 4; lastKnownFileType = text.html; name = BullsEye.html; path = "../../../../Downloads/The iOS Apprentice 1 - Getting Started/Resources/BullsEye.html"; sourceTree = "<group>"; };
		4B0EF1461B4EF7470068BECE /* Default-568h@2x.png */ = {isa = PBXFileReference; lastKnownFileType = image.png; name = "Default-568h@2x.png"; path = "../../../../Downloads/The iOS Apprentice 1 - Getting Started/Resources/Launch Images/Default-568h@2x.png"; sourceTree = "<group>"; };
		4B0EF1471B4EF7470068BECE /* Default@2x.png */ = {isa = PBXFileReference; lastKnownFileType = image.png; name = "Default@2x.png"; path = "../../../../Downloads/The iOS Apprentice 1 - Getting Started/Resources/Launch Images/Default@2x.png"; sourceTree = "<group>"; };
		4B1D79BC1B2BA5BD00E7B2EB /* BullsEye.app */ = {isa = PBXFileReference; explicitFileType = wrapper.application; includeInIndex = 0; path = BullsEye.app; sourceTree = BUILT_PRODUCTS_DIR; };
		4B1D79C01B2BA5BD00E7B2EB /* Info.plist */ = {isa = PBXFileReference; lastKnownFileType = text.plist.xml; path = Info.plist; sourceTree = "<group>"; };
		4B1D79C11B2BA5BD00E7B2EB /* AppDelegate.swift */ = {isa = PBXFileReference; lastKnownFileType = sourcecode.swift; path = AppDelegate.swift; sourceTree = "<group>"; };
		4B1D79C31B2BA5BD00E7B2EB /* ViewController.swift */ = {isa = PBXFileReference; lastKnownFileType = sourcecode.swift; path = ViewController.swift; sourceTree = "<group>"; };
		4B1D79C61B2BA5BD00E7B2EB /* Base */ = {isa = PBXFileReference; lastKnownFileType = file.storyboard; name = Base; path = Base.lproj/Main.storyboard; sourceTree = "<group>"; };
		4B1D79C81B2BA5BD00E7B2EB /* Images.xcassets */ = {isa = PBXFileReference; lastKnownFileType = folder.assetcatalog; path = Images.xcassets; sourceTree = "<group>"; };
		4B1D79D11B2BA5BD00E7B2EB /* BullsEyeTests.xctest */ = {isa = PBXFileReference; explicitFileType = wrapper.cfbundle; includeInIndex = 0; path = BullsEyeTests.xctest; sourceTree = BUILT_PRODUCTS_DIR; };
		4B1D79D61B2BA5BD00E7B2EB /* Info.plist */ = {isa = PBXFileReference; lastKnownFileType = text.plist.xml; path = Info.plist; sourceTree = "<group>"; };
		4B1D79D71B2BA5BD00E7B2EB /* BullsEyeTests.swift */ = {isa = PBXFileReference; lastKnownFileType = sourcecode.swift; path = BullsEyeTests.swift; sourceTree = "<group>"; };
/* End PBXFileReference section */

/* Begin PBXFrameworksBuildPhase section */
		4B1D79B91B2BA5BD00E7B2EB /* Frameworks */ = {
			isa = PBXFrameworksBuildPhase;
			buildActionMask = 2147483647;
			files = (
			);
			runOnlyForDeploymentPostprocessing = 0;
		};
		4B1D79CE1B2BA5BD00E7B2EB /* Frameworks */ = {
			isa = PBXFrameworksBuildPhase;
			buildActionMask = 2147483647;
			files = (
			);
			runOnlyForDeploymentPostprocessing = 0;
		};
/* End PBXFrameworksBuildPhase section */

/* Begin PBXGroup section */
		4B1D79B31B2BA5BD00E7B2EB = {
			isa = PBXGroup;
			children = (
				4B1D79BE1B2BA5BD00E7B2EB /* BullsEye */,
				4B1D79D41B2BA5BD00E7B2EB /* BullsEyeTests */,
				4B1D79BD1B2BA5BD00E7B2EB /* Products */,
			);
			sourceTree = "<group>";
		};
		4B1D79BD1B2BA5BD00E7B2EB /* Products */ = {
			isa = PBXGroup;
			children = (
				4B1D79BC1B2BA5BD00E7B2EB /* BullsEye.app */,
				4B1D79D11B2BA5BD00E7B2EB /* BullsEyeTests.xctest */,
			);
			name = Products;
			sourceTree = "<group>";
		};
		4B1D79BE1B2BA5BD00E7B2EB /* BullsEye */ = {
			isa = PBXGroup;
			children = (
				4B0EF1461B4EF7470068BECE /* Default-568h@2x.png */,
				4B0EF1471B4EF7470068BECE /* Default@2x.png */,
				4B0EF1441B4DFB1A0068BECE /* BullsEye.html */,
				4B1D79C11B2BA5BD00E7B2EB /* AppDelegate.swift */,
				4B1D79C31B2BA5BD00E7B2EB /* ViewController.swift */,
				4B1D79C51B2BA5BD00E7B2EB /* Main.storyboard */,
				4B0EF1421B4B57D50068BECE /* AboutViewController.swift */,
				4B1D79C81B2BA5BD00E7B2EB /* Images.xcassets */,
				4B1D79BF1B2BA5BD00E7B2EB /* Supporting Files */,
			);
			path = BullsEye;
			sourceTree = "<group>";
		};
		4B1D79BF1B2BA5BD00E7B2EB /* Supporting Files */ = {
			isa = PBXGroup;
			children = (
				4B1D79C01B2BA5BD00E7B2EB /* Info.plist */,
			);
			name = "Supporting Files";
			sourceTree = "<group>";
		};
		4B1D79D41B2BA5BD00E7B2EB /* BullsEyeTests */ = {
			isa = PBXGroup;
			children = (
				4B1D79D71B2BA5BD00E7B2EB /* BullsEyeTests.swift */,
				4B1D79D51B2BA5BD00E7B2EB /* Supporting Files */,
			);
			path = BullsEyeTests;
			sourceTree = "<group>";
		};
		4B1D79D51B2BA5BD00E7B2EB /* Supporting Files */ = {
			isa = PBXGroup;
			children = (
				4B1D79D61B2BA5BD00E7B2EB /* Info.plist */,
			);
			name = "Supporting Files";
			sourceTree = "<group>";
		};
/* End PBXGroup section */

/* Begin PBXNativeTarget section */
		4B1D79BB1B2BA5BD00E7B2EB /* BullsEye */ = {
			isa = PBXNativeTarget;
			buildConfigurationList = 4B1D79DB1B2BA5BD00E7B2EB /* Build configuration list for PBXNativeTarget "BullsEye" */;
			buildPhases = (
				4B1D79B81B2BA5BD00E7B2EB /* Sources */,
				4B1D79B91B2BA5BD00E7B2EB /* Frameworks */,
				4B1D79BA1B2BA5BD00E7B2EB /* Resources */,
			);
			buildRules = (
			);
			dependencies = (
			);
			name = BullsEye;
			productName = BullsEye;
			productReference = 4B1D79BC1B2BA5BD00E7B2EB /* BullsEye.app */;
			productType = "com.apple.product-type.application";
		};
		4B1D79D01B2BA5BD00E7B2EB /* BullsEyeTests */ = {
			isa = PBXNativeTarget;
			buildConfigurationList = 4B1D79DE1B2BA5BD00E7B2EB /* Build configuration list for PBXNativeTarget "BullsEyeTests" */;
			buildPhases = (
				4B1D79CD1B2BA5BD00E7B2EB /* Sources */,
				4B1D79CE1B2BA5BD00E7B2EB /* Frameworks */,
				4B1D79CF1B2BA5BD00E7B2EB /* Resources */,
			);
			buildRules = (
			);
			dependencies = (
				4B1D79D31B2BA5BD00E7B2EB /* PBXTargetDependency */,
			);
			name = BullsEyeTests;
			productName = BullsEyeTests;
			productReference = 4B1D79D11B2BA5BD00E7B2EB /* BullsEyeTests.xctest */;
			productType = "com.apple.product-type.bundle.unit-test";
		};
/* End PBXNativeTarget section */

/* Begin PBXProject section */
		4B1D79B41B2BA5BD00E7B2EB /* Project object */ = {
			isa = PBXProject;
			attributes = {
				LastUpgradeCheck = 0620;
				ORGANIZATIONNAME = eric;
				TargetAttributes = {
					4B1D79BB1B2BA5BD00E7B2EB = {
						CreatedOnToolsVersion = 6.2;
					};
					4B1D79D01B2BA5BD00E7B2EB = {
						CreatedOnToolsVersion = 6.2;
						TestTargetID = 4B1D79BB1B2BA5BD00E7B2EB;
					};
				};
			};
			buildConfigurationList = 4B1D79B71B2BA5BD00E7B2EB /* Build configuration list for PBXProject "BullsEye" */;
			compatibilityVersion = "Xcode 3.2";
			developmentRegion = English;
			hasScannedForEncodings = 0;
			knownRegions = (
				en,
				Base,
			);
			mainGroup = 4B1D79B31B2BA5BD00E7B2EB;
			productRefGroup = 4B1D79BD1B2BA5BD00E7B2EB /* Products */;
			projectDirPath = "";
			projectRoot = "";
			targets = (
				4B1D79BB1B2BA5BD00E7B2EB /* BullsEye */,
				4B1D79D01B2BA5BD00E7B2EB /* BullsEyeTests */,
			);
		};
/* End PBXProject section */

/* Begin PBXResourcesBuildPhase section */
		4B1D79BA1B2BA5BD00E7B2EB /* Resources */ = {
			isa = PBXResourcesBuildPhase;
			buildActionMask = 2147483647;
			files = (
				4B1D79C71B2BA5BD00E7B2EB /* Main.storyboard in Resources */,
				4B0EF1481B4EF7470068BECE /* Default-568h@2x.png in Resources */,
				4B0EF1491B4EF7470068BECE /* Default@2x.png in Resources */,
				4B0EF1451B4DFB1A0068BECE /* BullsEye.html in Resources */,
				4B1D79C91B2BA5BD00E7B2EB /* Images.xcassets in Resources */,
			);
			runOnlyForDeploymentPostprocessing = 0;
		};
		4B1D79CF1B2BA5BD00E7B2EB /* Resources */ = {
			isa = PBXResourcesBuildPhase;
			buildActionMask = 2147483647;
			files = (
			);
			runOnlyForDeploymentPostprocessing = 0;
		};
/* End PBXResourcesBuildPhase section */

/* Begin PBXSourcesBuildPhase section */
		4B1D79B81B2BA5BD00E7B2EB /* Sources */ = {
			isa = PBXSourcesBuildPhase;
			buildActionMask = 2147483647;
			files = (
				4B0EF1431B4B57D50068BECE /* AboutViewController.swift in Sources */,
				4B1D79C41B2BA5BD00E7B2EB /* ViewController.swift in Sources */,
				4B1D79C21B2BA5BD00E7B2EB /* AppDelegate.swift in Sources */,
			);
			runOnlyForDeploymentPostprocessing = 0;
		};
		4B1D79CD1B2BA5BD00E7B2EB /* Sources */ = {
			isa = PBXSourcesBuildPhase;
			buildActionMask = 2147483647;
			files = (
				4B1D79D81B2BA5BD00E7B2EB /* BullsEyeTests.swift in Sources */,
			);
			runOnlyForDeploymentPostprocessing = 0;
		};
/* End PBXSourcesBuildPhase section */

/* Begin PBXTargetDependency section */
		4B1D79D31B2BA5BD00E7B2EB /* PBXTargetDependency */ = {
			isa = PBXTargetDependency;
			target = 4B1D79BB1B2BA5BD00E7B2EB /* BullsEye */;
			targetProxy = 4B1D79D21B2BA5BD00E7B2EB /* PBXContainerItemProxy */;
		};
/* End PBXTargetDependency section */

/* Begin PBXVariantGroup section */
		4B1D79C51B2BA5BD00E7B2EB /* Main.storyboard */ = {
			isa = PBXVariantGroup;
			children = (
				4B1D79C61B2BA5BD00E7B2EB /* Base */,
			);
			name = Main.storyboard;
			sourceTree = "<group>";
		};
/* End PBXVariantGroup section */

/* Begin XCBuildConfiguration section */
		4B1D79D91B2BA5BD00E7B2EB /* Debug */ = {
			isa = XCBuildConfiguration;
			buildSettings = {
				ALWAYS_SEARCH_USER_PATHS = NO;
				CLANG_CXX_LANGUAGE_STANDARD = "gnu++0x";
				CLANG_CXX_LIBRARY = "libc++";
				CLANG_ENABLE_MODULES = YES;
				CLANG_ENABLE_OBJC_ARC = YES;
				CLANG_WARN_BOOL_CONVERSION = YES;
				CLANG_WARN_CONSTANT_CONVERSION = YES;
				CLANG_WARN_DIRECT_OBJC_ISA_USAGE = YES_ERROR;
				CLANG_WARN_EMPTY_BODY = YES;
				CLANG_WARN_ENUM_CONVERSION = YES;
				CLANG_WARN_INT_CONVERSION = YES;
				CLANG_WARN_OBJC_ROOT_CLASS = YES_ERROR;
				CLANG_WARN_UNREACHABLE_CODE = YES;
				CLANG_WARN__DUPLICATE_METHOD_MATCH = YES;
				"CODE_SIGN_IDENTITY[sdk=iphoneos*]" = "iPhone Developer";
				COPY_PHASE_STRIP = NO;
				ENABLE_STRICT_OBJC_MSGSEND = YES;
				GCC_C_LANGUAGE_STANDARD = gnu99;
				GCC_DYNAMIC_NO_PIC = NO;
				GCC_OPTIMIZATION_LEVEL = 0;
				GCC_PREPROCESSOR_DEFINITIONS = (
					"DEBUG=1",
					"$(inherited)",
				);
				GCC_SYMBOLS_PRIVATE_EXTERN = NO;
				GCC_WARN_64_TO_32_BIT_CONVERSION = YES;
				GCC_WARN_ABOUT_RETURN_TYPE = YES_ERROR;
				GCC_WARN_UNDECLARED_SELECTOR = YES;
				GCC_WARN_UNINITIALIZED_AUTOS = YES_AGGRESSIVE;
				GCC_WARN_UNUSED_FUNCTION = YES;
				GCC_WARN_UNUSED_VARIABLE = YES;
				IPHONEOS_DEPLOYMENT_TARGET = 8.2;
				MTL_ENABLE_DEBUG_INFO = YES;
				ONLY_ACTIVE_ARCH = YES;
				SDKROOT = iphoneos;
				SWIFT_OPTIMIZATION_LEVEL = "-Onone";
			};
			name = Debug;
		};
		4B1D79DA1B2BA5BD00E7B2EB /* Release */ = {
			isa = XCBuildConfiguration;
			buildSettings = {
				ALWAYS_SEARCH_USER_PATHS = NO;
				CLANG_CXX_LANGUAGE_STANDARD = "gnu++0x";
				CLANG_CXX_LIBRARY = "libc++";
				CLANG_ENABLE_MODULES = YES;
				CLANG_ENABLE_OBJC_ARC = YES;
				CLANG_WARN_BOOL_CONVERSION = YES;
				CLANG_WARN_CONSTANT_CONVERSION = YES;
				CLANG_WARN_DIRECT_OBJC_ISA_USAGE = YES_ERROR;
				CLANG_WARN_EMPTY_BODY = YES;
				CLANG_WARN_ENUM_CONVERSION = YES;
				CLANG_WARN_INT_CONVERSION = YES;
				CLANG_WARN_OBJC_ROOT_CLASS = YES_ERROR;
				CLANG_WARN_UNREACHABLE_CODE = YES;
				CLANG_WARN__DUPLICATE_METHOD_MATCH = YES;
				"CODE_SIGN_IDENTITY[sdk=iphoneos*]" = "iPhone Developer";
				COPY_PHASE_STRIP = NO;
				ENABLE_NS_ASSERTIONS = NO;
				ENABLE_STRICT_OBJC_MSGSEND = YES;
				GCC_C_LANGUAGE_STANDARD = gnu99;
				GCC_WARN_64_TO_32_BIT_CONVERSION = YES;
				GCC_WARN_ABOUT_RETURN_TYPE = YES_ERROR;
				GCC_WARN_UNDECLARED_SELECTOR = YES;
				GCC_WARN_UNINITIALIZED_AUTOS = YES_AGGRESSIVE;
				GCC_WARN_UNUSED_FUNCTION = YES;
				GCC_WARN_UNUSED_VARIABLE = YES;
				IPHONEOS_DEPLOYMENT_TARGET = 8.2;
				MTL_ENABLE_DEBUG_INFO = NO;
				SDKROOT = iphoneos;
				VALIDATE_PRODUCT = YES;
			};
			name = Release;
		};
		4B1D79DC1B2BA5BD00E7B2EB /* Debug */ = {
			isa = XCBuildConfiguration;
			buildSettings = {
				ASSETCATALOG_COMPILER_APPICON_NAME = AppIcon;
				INFOPLIST_FILE = BullsEye/Info.plist;
				LD_RUNPATH_SEARCH_PATHS = "$(inherited) @executable_path/Frameworks";
				PRODUCT_NAME = "$(TARGET_NAME)";
			};
			name = Debug;
		};
		4B1D79DD1B2BA5BD00E7B2EB /* Release */ = {
			isa = XCBuildConfiguration;
			buildSettings = {
				ASSETCATALOG_COMPILER_APPICON_NAME = AppIcon;
				INFOPLIST_FILE = BullsEye/Info.plist;
				LD_RUNPATH_SEARCH_PATHS = "$(inherited) @executable_path/Frameworks";
				PRODUCT_NAME = "$(TARGET_NAME)";
			};
			name = Release;
		};
		4B1D79DF1B2BA5BD00E7B2EB /* Debug */ = {
			isa = XCBuildConfiguration;
			buildSettings = {
				BUNDLE_LOADER = "$(TEST_HOST)";
				FRAMEWORK_SEARCH_PATHS = (
					"$(SDKROOT)/Developer/Library/Frameworks",
					"$(inherited)",
				);
				GCC_PREPROCESSOR_DEFINITIONS = (
					"DEBUG=1",
					"$(inherited)",
				);
				INFOPLIST_FILE = BullsEyeTests/Info.plist;
				LD_RUNPATH_SEARCH_PATHS = "$(inherited) @executable_path/Frameworks @loader_path/Frameworks";
				PRODUCT_NAME = "$(TARGET_NAME)";
				TEST_HOST = "$(BUILT_PRODUCTS_DIR)/BullsEye.app/BullsEye";
			};
			name = Debug;
		};
		4B1D79E01B2BA5BD00E7B2EB /* Release */ = {
			isa = XCBuildConfiguration;
			buildSettings = {
				BUNDLE_LOADER = "$(TEST_HOST)";
				FRAMEWORK_SEARCH_PATHS = (
					"$(SDKROOT)/Developer/Library/Frameworks",
					"$(inherited)",
				);
				INFOPLIST_FILE = BullsEyeTests/Info.plist;
				LD_RUNPATH_SEARCH_PATHS = "$(inherited) @executable_path/Frameworks @loader_path/Frameworks";
				PRODUCT_NAME = "$(TARGET_NAME)";
				TEST_HOST = "$(BUILT_PRODUCTS_DIR)/BullsEye.app/BullsEye";
			};
			name = Release;
		};
/* End XCBuildConfiguration section */

/* Begin XCConfigurationList section */
		4B1D79B71B2BA5BD00E7B2EB /* Build configuration list for PBXProject "BullsEye" */ = {
			isa = XCConfigurationList;
			buildConfigurations = (
				4B1D79D91B2BA5BD00E7B2EB /* Debug */,
				4B1D79DA1B2BA5BD00E7B2EB /* Release */,
			);
			defaultConfigurationIsVisible = 0;
			defaultConfigurationName = Release;
		};
		4B1D79DB1B2BA5BD00E7B2EB /* Build configuration list for PBXNativeTarget "BullsEye" */ = {
			isa = XCConfigurationList;
			buildConfigurations = (
				4B1D79DC1B2BA5BD00E7B2EB /* Debug */,
				4B1D79DD1B2BA5BD00E7B2EB /* Release */,
			);
			defaultConfigurationIsVisible = 0;
			defaultConfigurationName = Release;
		};
		4B1D79DE1B2BA5BD00E7B2EB /* Build configuration list for PBXNativeTarget "BullsEyeTests" */ = {
			isa = XCConfigurationList;
			buildConfigurations = (
				4B1D79DF1B2BA5BD00E7B2EB /* Debug */,
				4B1D79E01B2BA5BD00E7B2EB /* Release */,
			);
			defaultConfigurationIsVisible = 0;
			defaultConfigurationName = Release;
		};
/* End XCConfigurationList section */
	};
	rootObject = 4B1D79B41B2BA5BD00E7B2EB /* Project object */;
}
