// !$*UTF8*$!
{
	archiveVersion = 1;
	classes = {
	};
	objectVersion = 46;
	objects = {

/* Begin PBXBuildFile section */
		4BC46DF11A770AE600CD1CB4 /* main.m in Sources */ = {isa = PBXBuildFile; fileRef = 4BC46DF01A770AE600CD1CB4 /* main.m */; };
		4BC46DF41A770AE600CD1CB4 /* AppDelegate.m in Sources */ = {isa = PBXBuildFile; fileRef = 4BC46DF31A770AE600CD1CB4 /* AppDelegate.m */; };
		4BC46DF71A770AE600CD1CB4 /* ViewController.m in Sources */ = {isa = PBXBuildFile; fileRef = 4BC46DF61A770AE600CD1CB4 /* ViewController.m */; };
		4BC46DFA1A770AE600CD1CB4 /* Main.storyboard in Resources */ = {isa = PBXBuildFile; fileRef = 4BC46DF81A770AE600CD1CB4 /* Main.storyboard */; };
		4BC46DFC1A770AE600CD1CB4 /* Images.xcassets in Resources */ = {isa = PBXBuildFile; fileRef = 4BC46DFB1A770AE600CD1CB4 /* Images.xcassets */; };
		4BC46DFF1A770AE600CD1CB4 /* LaunchScreen.xib in Resources */ = {isa = PBXBuildFile; fileRef = 4BC46DFD1A770AE600CD1CB4 /* LaunchScreen.xib */; };
		4BC46E0B1A770AE600CD1CB4 /* MapTestTests.m in Sources */ = {isa = PBXBuildFile; fileRef = 4BC46E0A1A770AE600CD1CB4 /* MapTestTests.m */; };
/* End PBXBuildFile section */

/* Begin PBXContainerItemProxy section */
		4BC46E051A770AE600CD1CB4 /* PBXContainerItemProxy */ = {
			isa = PBXContainerItemProxy;
			containerPortal = 4BC46DE31A770AE600CD1CB4 /* Project object */;
			proxyType = 1;
			remoteGlobalIDString = 4BC46DEA1A770AE600CD1CB4;
			remoteInfo = MapTest;
		};
/* End PBXContainerItemProxy section */

/* Begin PBXFileReference section */
		4BC46DEB1A770AE600CD1CB4 /* MapTest.app */ = {isa = PBXFileReference; explicitFileType = wrapper.application; includeInIndex = 0; path = MapTest.app; sourceTree = BUILT_PRODUCTS_DIR; };
		4BC46DEF1A770AE600CD1CB4 /* Info.plist */ = {isa = PBXFileReference; lastKnownFileType = text.plist.xml; path = Info.plist; sourceTree = "<group>"; };
		4BC46DF01A770AE600CD1CB4 /* main.m */ = {isa = PBXFileReference; lastKnownFileType = sourcecode.c.objc; path = main.m; sourceTree = "<group>"; };
		4BC46DF21A770AE600CD1CB4 /* AppDelegate.h */ = {isa = PBXFileReference; lastKnownFileType = sourcecode.c.h; path = AppDelegate.h; sourceTree = "<group>"; };
		4BC46DF31A770AE600CD1CB4 /* AppDelegate.m */ = {isa = PBXFileReference; lastKnownFileType = sourcecode.c.objc; path = AppDelegate.m; sourceTree = "<group>"; };
		4BC46DF51A770AE600CD1CB4 /* ViewController.h */ = {isa = PBXFileReference; lastKnownFileType = sourcecode.c.h; path = ViewController.h; sourceTree = "<group>"; };
		4BC46DF61A770AE600CD1CB4 /* ViewController.m */ = {isa = PBXFileReference; lastKnownFileType = sourcecode.c.objc; path = ViewController.m; sourceTree = "<group>"; };
		4BC46DF91A770AE600CD1CB4 /* Base */ = {isa = PBXFileReference; lastKnownFileType = file.storyboard; name = Base; path = Base.lproj/Main.storyboard; sourceTree = "<group>"; };
		4BC46DFB1A770AE600CD1CB4 /* Images.xcassets */ = {isa = PBXFileReference; lastKnownFileType = folder.assetcatalog; path = Images.xcassets; sourceTree = "<group>"; };
		4BC46DFE1A770AE600CD1CB4 /* Base */ = {isa = PBXFileReference; lastKnownFileType = file.xib; name = Base; path = Base.lproj/LaunchScreen.xib; sourceTree = "<group>"; };
		4BC46E041A770AE600CD1CB4 /* MapTestTests.xctest */ = {isa = PBXFileReference; explicitFileType = wrapper.cfbundle; includeInIndex = 0; path = MapTestTests.xctest; sourceTree = BUILT_PRODUCTS_DIR; };
		4BC46E091A770AE600CD1CB4 /* Info.plist */ = {isa = PBXFileReference; lastKnownFileType = text.plist.xml; path = Info.plist; sourceTree = "<group>"; };
		4BC46E0A1A770AE600CD1CB4 /* MapTestTests.m */ = {isa = PBXFileReference; lastKnownFileType = sourcecode.c.objc; path = MapTestTests.m; sourceTree = "<group>"; };
/* End PBXFileReference section */

/* Begin PBXFrameworksBuildPhase section */
		4BC46DE81A770AE600CD1CB4 /* Frameworks */ = {
			isa = PBXFrameworksBuildPhase;
			buildActionMask = 2147483647;
			files = (
			);
			runOnlyForDeploymentPostprocessing = 0;
		};
		4BC46E011A770AE600CD1CB4 /* Frameworks */ = {
			isa = PBXFrameworksBuildPhase;
			buildActionMask = 2147483647;
			files = (
			);
			runOnlyForDeploymentPostprocessing = 0;
		};
/* End PBXFrameworksBuildPhase section */

/* Begin PBXGroup section */
		4BC46DE21A770AE600CD1CB4 = {
			isa = PBXGroup;
			children = (
				4BC46DED1A770AE600CD1CB4 /* MapTest */,
				4BC46E071A770AE600CD1CB4 /* MapTestTests */,
				4BC46DEC1A770AE600CD1CB4 /* Products */,
			);
			sourceTree = "<group>";
		};
		4BC46DEC1A770AE600CD1CB4 /* Products */ = {
			isa = PBXGroup;
			children = (
				4BC46DEB1A770AE600CD1CB4 /* MapTest.app */,
				4BC46E041A770AE600CD1CB4 /* MapTestTests.xctest */,
			);
			name = Products;
			sourceTree = "<group>";
		};
		4BC46DED1A770AE600CD1CB4 /* MapTest */ = {
			isa = PBXGroup;
			children = (
				4BC46DF21A770AE600CD1CB4 /* AppDelegate.h */,
				4BC46DF31A770AE600CD1CB4 /* AppDelegate.m */,
				4BC46DF51A770AE600CD1CB4 /* ViewController.h */,
				4BC46DF61A770AE600CD1CB4 /* ViewController.m */,
				4BC46DF81A770AE600CD1CB4 /* Main.storyboard */,
				4BC46DFB1A770AE600CD1CB4 /* Images.xcassets */,
				4BC46DFD1A770AE600CD1CB4 /* LaunchScreen.xib */,
				4BC46DEE1A770AE600CD1CB4 /* Supporting Files */,
			);
			path = MapTest;
			sourceTree = "<group>";
		};
		4BC46DEE1A770AE600CD1CB4 /* Supporting Files */ = {
			isa = PBXGroup;
			children = (
				4BC46DEF1A770AE600CD1CB4 /* Info.plist */,
				4BC46DF01A770AE600CD1CB4 /* main.m */,
			);
			name = "Supporting Files";
			sourceTree = "<group>";
		};
		4BC46E071A770AE600CD1CB4 /* MapTestTests */ = {
			isa = PBXGroup;
			children = (
				4BC46E0A1A770AE600CD1CB4 /* MapTestTests.m */,
				4BC46E081A770AE600CD1CB4 /* Supporting Files */,
			);
			path = MapTestTests;
			sourceTree = "<group>";
		};
		4BC46E081A770AE600CD1CB4 /* Supporting Files */ = {
			isa = PBXGroup;
			children = (
				4BC46E091A770AE600CD1CB4 /* Info.plist */,
			);
			name = "Supporting Files";
			sourceTree = "<group>";
		};
/* End PBXGroup section */

/* Begin PBXNativeTarget section */
		4BC46DEA1A770AE600CD1CB4 /* MapTest */ = {
			isa = PBXNativeTarget;
			buildConfigurationList = 4BC46E0E1A770AE600CD1CB4 /* Build configuration list for PBXNativeTarget "MapTest" */;
			buildPhases = (
				4BC46DE71A770AE600CD1CB4 /* Sources */,
				4BC46DE81A770AE600CD1CB4 /* Frameworks */,
				4BC46DE91A770AE600CD1CB4 /* Resources */,
			);
			buildRules = (
			);
			dependencies = (
			);
			name = MapTest;
			productName = MapTest;
			productReference = 4BC46DEB1A770AE600CD1CB4 /* MapTest.app */;
			productType = "com.apple.product-type.application";
		};
		4BC46E031A770AE600CD1CB4 /* MapTestTests */ = {
			isa = PBXNativeTarget;
			buildConfigurationList = 4BC46E111A770AE600CD1CB4 /* Build configuration list for PBXNativeTarget "MapTestTests" */;
			buildPhases = (
				4BC46E001A770AE600CD1CB4 /* Sources */,
				4BC46E011A770AE600CD1CB4 /* Frameworks */,
				4BC46E021A770AE600CD1CB4 /* Resources */,
			);
			buildRules = (
			);
			dependencies = (
				4BC46E061A770AE600CD1CB4 /* PBXTargetDependency */,
			);
			name = MapTestTests;
			productName = MapTestTests;
			productReference = 4BC46E041A770AE600CD1CB4 /* MapTestTests.xctest */;
			productType = "com.apple.product-type.bundle.unit-test";
		};
/* End PBXNativeTarget section */

/* Begin PBXProject section */
		4BC46DE31A770AE600CD1CB4 /* Project object */ = {
			isa = PBXProject;
			attributes = {
				LastUpgradeCheck = 0610;
				ORGANIZATIONNAME = elite;
				TargetAttributes = {
					4BC46DEA1A770AE600CD1CB4 = {
						CreatedOnToolsVersion = 6.1.1;
					};
					4BC46E031A770AE600CD1CB4 = {
						CreatedOnToolsVersion = 6.1.1;
						TestTargetID = 4BC46DEA1A770AE600CD1CB4;
					};
				};
			};
			buildConfigurationList = 4BC46DE61A770AE600CD1CB4 /* Build configuration list for PBXProject "MapTest" */;
			compatibilityVersion = "Xcode 3.2";
			developmentRegion = English;
			hasScannedForEncodings = 0;
			knownRegions = (
				en,
				Base,
			);
			mainGroup = 4BC46DE21A770AE600CD1CB4;
			productRefGroup = 4BC46DEC1A770AE600CD1CB4 /* Products */;
			projectDirPath = "";
			projectRoot = "";
			targets = (
				4BC46DEA1A770AE600CD1CB4 /* MapTest */,
				4BC46E031A770AE600CD1CB4 /* MapTestTests */,
			);
		};
/* End PBXProject section */

/* Begin PBXResourcesBuildPhase section */
		4BC46DE91A770AE600CD1CB4 /* Resources */ = {
			isa = PBXResourcesBuildPhase;
			buildActionMask = 2147483647;
			files = (
				4BC46DFA1A770AE600CD1CB4 /* Main.storyboard in Resources */,
				4BC46DFF1A770AE600CD1CB4 /* LaunchScreen.xib in Resources */,
				4BC46DFC1A770AE600CD1CB4 /* Images.xcassets in Resources */,
			);
			runOnlyForDeploymentPostprocessing = 0;
		};
		4BC46E021A770AE600CD1CB4 /* Resources */ = {
			isa = PBXResourcesBuildPhase;
			buildActionMask = 2147483647;
			files = (
			);
			runOnlyForDeploymentPostprocessing = 0;
		};
/* End PBXResourcesBuildPhase section */

/* Begin PBXSourcesBuildPhase section */
		4BC46DE71A770AE600CD1CB4 /* Sources */ = {
			isa = PBXSourcesBuildPhase;
			buildActionMask = 2147483647;
			files = (
				4BC46DF71A770AE600CD1CB4 /* ViewController.m in Sources */,
				4BC46DF41A770AE600CD1CB4 /* AppDelegate.m in Sources */,
				4BC46DF11A770AE600CD1CB4 /* main.m in Sources */,
			);
			runOnlyForDeploymentPostprocessing = 0;
		};
		4BC46E001A770AE600CD1CB4 /* Sources */ = {
			isa = PBXSourcesBuildPhase;
			buildActionMask = 2147483647;
			files = (
				4BC46E0B1A770AE600CD1CB4 /* MapTestTests.m in Sources */,
			);
			runOnlyForDeploymentPostprocessing = 0;
		};
/* End PBXSourcesBuildPhase section */

/* Begin PBXTargetDependency section */
		4BC46E061A770AE600CD1CB4 /* PBXTargetDependency */ = {
			isa = PBXTargetDependency;
			target = 4BC46DEA1A770AE600CD1CB4 /* MapTest */;
			targetProxy = 4BC46E051A770AE600CD1CB4 /* PBXContainerItemProxy */;
		};
/* End PBXTargetDependency section */

/* Begin PBXVariantGroup section */
		4BC46DF81A770AE600CD1CB4 /* Main.storyboard */ = {
			isa = PBXVariantGroup;
			children = (
				4BC46DF91A770AE600CD1CB4 /* Base */,
			);
			name = Main.storyboard;
			sourceTree = "<group>";
		};
		4BC46DFD1A770AE600CD1CB4 /* LaunchScreen.xib */ = {
			isa = PBXVariantGroup;
			children = (
				4BC46DFE1A770AE600CD1CB4 /* Base */,
			);
			name = LaunchScreen.xib;
			sourceTree = "<group>";
		};
/* End PBXVariantGroup section */

/* Begin XCBuildConfiguration section */
		4BC46E0C1A770AE600CD1CB4 /* Debug */ = {
			isa = XCBuildConfiguration;
			buildSettings = {
				ALWAYS_SEARCH_USER_PATHS = NO;
				CLANG_CXX_LANGUAGE_STANDARD = "gnu++0x";
				CLANG_CXX_LIBRARY = "libc++";
				CLANG_ENABLE_MODULES = YES;
				CLANG_ENABLE_OBJC_ARC = YES;
				CLANG_WARN_BOOL_CONVERSION = YES;
				CLANG_WARN_CONSTANT_CONVERSION = YES;
				CLANG_WARN_DIRECT_OBJC_ISA_USAGE = YES_ERROR;
				CLANG_WARN_EMPTY_BODY = YES;
				CLANG_WARN_ENUM_CONVERSION = YES;
				CLANG_WARN_INT_CONVERSION = YES;
				CLANG_WARN_OBJC_ROOT_CLASS = YES_ERROR;
				CLANG_WARN_UNREACHABLE_CODE = YES;
				CLANG_WARN__DUPLICATE_METHOD_MATCH = YES;
				"CODE_SIGN_IDENTITY[sdk=iphoneos*]" = "iPhone Developer";
				COPY_PHASE_STRIP = NO;
				ENABLE_STRICT_OBJC_MSGSEND = YES;
				GCC_C_LANGUAGE_STANDARD = gnu99;
				GCC_DYNAMIC_NO_PIC = NO;
				GCC_OPTIMIZATION_LEVEL = 0;
				GCC_PREPROCESSOR_DEFINITIONS = (
					"DEBUG=1",
					"$(inherited)",
				);
				GCC_SYMBOLS_PRIVATE_EXTERN = NO;
				GCC_WARN_64_TO_32_BIT_CONVERSION = YES;
				GCC_WARN_ABOUT_RETURN_TYPE = YES_ERROR;
				GCC_WARN_UNDECLARED_SELECTOR = YES;
				GCC_WARN_UNINITIALIZED_AUTOS = YES_AGGRESSIVE;
				GCC_WARN_UNUSED_FUNCTION = YES;
				GCC_WARN_UNUSED_VARIABLE = YES;
				IPHONEOS_DEPLOYMENT_TARGET = 8.1;
				MTL_ENABLE_DEBUG_INFO = YES;
				ONLY_ACTIVE_ARCH = YES;
				SDKROOT = iphoneos;
			};
			name = Debug;
		};
		4BC46E0D1A770AE600CD1CB4 /* Release */ = {
			isa = XCBuildConfiguration;
			buildSettings = {
				ALWAYS_SEARCH_USER_PATHS = NO;
				CLANG_CXX_LANGUAGE_STANDARD = "gnu++0x";
				CLANG_CXX_LIBRARY = "libc++";
				CLANG_ENABLE_MODULES = YES;
				CLANG_ENABLE_OBJC_ARC = YES;
				CLANG_WARN_BOOL_CONVERSION = YES;
				CLANG_WARN_CONSTANT_CONVERSION = YES;
				CLANG_WARN_DIRECT_OBJC_ISA_USAGE = YES_ERROR;
				CLANG_WARN_EMPTY_BODY = YES;
				CLANG_WARN_ENUM_CONVERSION = YES;
				CLANG_WARN_INT_CONVERSION = YES;
				CLANG_WARN_OBJC_ROOT_CLASS = YES_ERROR;
				CLANG_WARN_UNREACHABLE_CODE = YES;
				CLANG_WARN__DUPLICATE_METHOD_MATCH = YES;
				"CODE_SIGN_IDENTITY[sdk=iphoneos*]" = "iPhone Developer";
				COPY_PHASE_STRIP = YES;
				ENABLE_NS_ASSERTIONS = NO;
				ENABLE_STRICT_OBJC_MSGSEND = YES;
				GCC_C_LANGUAGE_STANDARD = gnu99;
				GCC_WARN_64_TO_32_BIT_CONVERSION = YES;
				GCC_WARN_ABOUT_RETURN_TYPE = YES_ERROR;
				GCC_WARN_UNDECLARED_SELECTOR = YES;
				GCC_WARN_UNINITIALIZED_AUTOS = YES_AGGRESSIVE;
				GCC_WARN_UNUSED_FUNCTION = YES;
				GCC_WARN_UNUSED_VARIABLE = YES;
				IPHONEOS_DEPLOYMENT_TARGET = 8.1;
				MTL_ENABLE_DEBUG_INFO = NO;
				SDKROOT = iphoneos;
				VALIDATE_PRODUCT = YES;
			};
			name = Release;
		};
		4BC46E0F1A770AE600CD1CB4 /* Debug */ = {
			isa = XCBuildConfiguration;
			buildSettings = {
				ASSETCATALOG_COMPILER_APPICON_NAME = AppIcon;
				INFOPLIST_FILE = MapTest/Info.plist;
				LD_RUNPATH_SEARCH_PATHS = "$(inherited) @executable_path/Frameworks";
				PRODUCT_NAME = "$(TARGET_NAME)";
			};
			name = Debug;
		};
		4BC46E101A770AE600CD1CB4 /* Release */ = {
			isa = XCBuildConfiguration;
			buildSettings = {
				ASSETCATALOG_COMPILER_APPICON_NAME = AppIcon;
				INFOPLIST_FILE = MapTest/Info.plist;
				LD_RUNPATH_SEARCH_PATHS = "$(inherited) @executable_path/Frameworks";
				PRODUCT_NAME = "$(TARGET_NAME)";
			};
			name = Release;
		};
		4BC46E121A770AE600CD1CB4 /* Debug */ = {
			isa = XCBuildConfiguration;
			buildSettings = {
				BUNDLE_LOADER = "$(TEST_HOST)";
				FRAMEWORK_SEARCH_PATHS = (
					"$(SDKROOT)/Developer/Library/Frameworks",
					"$(inherited)",
				);
				GCC_PREPROCESSOR_DEFINITIONS = (
					"DEBUG=1",
					"$(inherited)",
				);
				INFOPLIST_FILE = MapTestTests/Info.plist;
				LD_RUNPATH_SEARCH_PATHS = "$(inherited) @executable_path/Frameworks @loader_path/Frameworks";
				PRODUCT_NAME = "$(TARGET_NAME)";
				TEST_HOST = "$(BUILT_PRODUCTS_DIR)/MapTest.app/MapTest";
			};
			name = Debug;
		};
		4BC46E131A770AE600CD1CB4 /* Release */ = {
			isa = XCBuildConfiguration;
			buildSettings = {
				BUNDLE_LOADER = "$(TEST_HOST)";
				FRAMEWORK_SEARCH_PATHS = (
					"$(SDKROOT)/Developer/Library/Frameworks",
					"$(inherited)",
				);
				INFOPLIST_FILE = MapTestTests/Info.plist;
				LD_RUNPATH_SEARCH_PATHS = "$(inherited) @executable_path/Frameworks @loader_path/Frameworks";
				PRODUCT_NAME = "$(TARGET_NAME)";
				TEST_HOST = "$(BUILT_PRODUCTS_DIR)/MapTest.app/MapTest";
			};
			name = Release;
		};
/* End XCBuildConfiguration section */

/* Begin XCConfigurationList section */
		4BC46DE61A770AE600CD1CB4 /* Build configuration list for PBXProject "MapTest" */ = {
			isa = XCConfigurationList;
			buildConfigurations = (
				4BC46E0C1A770AE600CD1CB4 /* Debug */,
				4BC46E0D1A770AE600CD1CB4 /* Release */,
			);
			defaultConfigurationIsVisible = 0;
			defaultConfigurationName = Release;
		};
		4BC46E0E1A770AE600CD1CB4 /* Build configuration list for PBXNativeTarget "MapTest" */ = {
			isa = XCConfigurationList;
			buildConfigurations = (
				4BC46E0F1A770AE600CD1CB4 /* Debug */,
				4BC46E101A770AE600CD1CB4 /* Release */,
			);
			defaultConfigurationIsVisible = 0;
		};
		4BC46E111A770AE600CD1CB4 /* Build configuration list for PBXNativeTarget "MapTestTests" */ = {
			isa = XCConfigurationList;
			buildConfigurations = (
				4BC46E121A770AE600CD1CB4 /* Debug */,
				4BC46E131A770AE600CD1CB4 /* Release */,
			);
			defaultConfigurationIsVisible = 0;
		};
/* End XCConfigurationList section */
	};
	rootObject = 4BC46DE31A770AE600CD1CB4 /* Project object */;
}
