// !$*UTF8*$!
{
	archiveVersion = 1;
	classes = {
	};
	objectVersion = 46;
	objects = {

/* Begin PBXBuildFile section */
		4BBB31BE1C2B564E00754371 /* AppDelegate.swift in Sources */ = {isa = PBXBuildFile; fileRef = 4BBB31BD1C2B564E00754371 /* AppDelegate.swift */; };
		4BBB31C01C2B564E00754371 /* ViewController.swift in Sources */ = {isa = PBXBuildFile; fileRef = 4BBB31BF1C2B564E00754371 /* ViewController.swift */; };
		4BBB31C31C2B564E00754371 /* Main.storyboard in Resources */ = {isa = PBXBuildFile; fileRef = 4BBB31C11C2B564E00754371 /* Main.storyboard */; };
		4BBB31C61C2B564E00754371 /* jtcalendar.xcdatamodeld in Sources */ = {isa = PBXBuildFile; fileRef = 4BBB31C41C2B564E00754371 /* jtcalendar.xcdatamodeld */; };
		4BBB31C81C2B564E00754371 /* Assets.xcassets in Resources */ = {isa = PBXBuildFile; fileRef = 4BBB31C71C2B564E00754371 /* Assets.xcassets */; };
		4BBB31CB1C2B564E00754371 /* LaunchScreen.storyboard in Resources */ = {isa = PBXBuildFile; fileRef = 4BBB31C91C2B564E00754371 /* LaunchScreen.storyboard */; };
		4BBB31D61C2B564E00754371 /* jtcalendarTests.swift in Sources */ = {isa = PBXBuildFile; fileRef = 4BBB31D51C2B564E00754371 /* jtcalendarTests.swift */; };
		4BBB31E11C2B564E00754371 /* jtcalendarUITests.swift in Sources */ = {isa = PBXBuildFile; fileRef = 4BBB31E01C2B564E00754371 /* jtcalendarUITests.swift */; };
		C97BE50B37C505CC203578F5 /* libPods-jtcalendar.a in Frameworks */ = {isa = PBXBuildFile; fileRef = E35CA0949683E3172D7F406F /* libPods-jtcalendar.a */; };
/* End PBXBuildFile section */

/* Begin PBXContainerItemProxy section */
		4BBB31D21C2B564E00754371 /* PBXContainerItemProxy */ = {
			isa = PBXContainerItemProxy;
			containerPortal = 4BBB31B21C2B564E00754371 /* Project object */;
			proxyType = 1;
			remoteGlobalIDString = 4BBB31B91C2B564E00754371;
			remoteInfo = jtcalendar;
		};
		4BBB31DD1C2B564E00754371 /* PBXContainerItemProxy */ = {
			isa = PBXContainerItemProxy;
			containerPortal = 4BBB31B21C2B564E00754371 /* Project object */;
			proxyType = 1;
			remoteGlobalIDString = 4BBB31B91C2B564E00754371;
			remoteInfo = jtcalendar;
		};
/* End PBXContainerItemProxy section */

/* Begin PBXFileReference section */
		4BBB31BA1C2B564E00754371 /* jtcalendar.app */ = {isa = PBXFileReference; explicitFileType = wrapper.application; includeInIndex = 0; path = jtcalendar.app; sourceTree = BUILT_PRODUCTS_DIR; };
		4BBB31BD1C2B564E00754371 /* AppDelegate.swift */ = {isa = PBXFileReference; lastKnownFileType = sourcecode.swift; path = AppDelegate.swift; sourceTree = "<group>"; };
		4BBB31BF1C2B564E00754371 /* ViewController.swift */ = {isa = PBXFileReference; lastKnownFileType = sourcecode.swift; path = ViewController.swift; sourceTree = "<group>"; };
		4BBB31C21C2B564E00754371 /* Base */ = {isa = PBXFileReference; lastKnownFileType = file.storyboard; name = Base; path = Base.lproj/Main.storyboard; sourceTree = "<group>"; };
		4BBB31C51C2B564E00754371 /* jtcalendar.xcdatamodel */ = {isa = PBXFileReference; lastKnownFileType = wrapper.xcdatamodel; path = jtcalendar.xcdatamodel; sourceTree = "<group>"; };
		4BBB31C71C2B564E00754371 /* Assets.xcassets */ = {isa = PBXFileReference; lastKnownFileType = folder.assetcatalog; path = Assets.xcassets; sourceTree = "<group>"; };
		4BBB31CA1C2B564E00754371 /* Base */ = {isa = PBXFileReference; lastKnownFileType = file.storyboard; name = Base; path = Base.lproj/LaunchScreen.storyboard; sourceTree = "<group>"; };
		4BBB31CC1C2B564E00754371 /* Info.plist */ = {isa = PBXFileReference; lastKnownFileType = text.plist.xml; path = Info.plist; sourceTree = "<group>"; };
		4BBB31D11C2B564E00754371 /* jtcalendarTests.xctest */ = {isa = PBXFileReference; explicitFileType = wrapper.cfbundle; includeInIndex = 0; path = jtcalendarTests.xctest; sourceTree = BUILT_PRODUCTS_DIR; };
		4BBB31D51C2B564E00754371 /* jtcalendarTests.swift */ = {isa = PBXFileReference; lastKnownFileType = sourcecode.swift; path = jtcalendarTests.swift; sourceTree = "<group>"; };
		4BBB31D71C2B564E00754371 /* Info.plist */ = {isa = PBXFileReference; lastKnownFileType = text.plist.xml; path = Info.plist; sourceTree = "<group>"; };
		4BBB31DC1C2B564E00754371 /* jtcalendarUITests.xctest */ = {isa = PBXFileReference; explicitFileType = wrapper.cfbundle; includeInIndex = 0; path = jtcalendarUITests.xctest; sourceTree = BUILT_PRODUCTS_DIR; };
		4BBB31E01C2B564E00754371 /* jtcalendarUITests.swift */ = {isa = PBXFileReference; lastKnownFileType = sourcecode.swift; path = jtcalendarUITests.swift; sourceTree = "<group>"; };
		4BBB31E21C2B564E00754371 /* Info.plist */ = {isa = PBXFileReference; lastKnownFileType = text.plist.xml; path = Info.plist; sourceTree = "<group>"; };
		E35CA0949683E3172D7F406F /* libPods-jtcalendar.a */ = {isa = PBXFileReference; explicitFileType = archive.ar; includeInIndex = 0; path = "libPods-jtcalendar.a"; sourceTree = BUILT_PRODUCTS_DIR; };
		EC16F59FDC80E57A005567EF /* Pods-jtcalendar.release.xcconfig */ = {isa = PBXFileReference; includeInIndex = 1; lastKnownFileType = text.xcconfig; name = "Pods-jtcalendar.release.xcconfig"; path = "Pods/Target Support Files/Pods-jtcalendar/Pods-jtcalendar.release.xcconfig"; sourceTree = "<group>"; };
		F75631CBBFF0F30ED26CCFA2 /* Pods-jtcalendar.debug.xcconfig */ = {isa = PBXFileReference; includeInIndex = 1; lastKnownFileType = text.xcconfig; name = "Pods-jtcalendar.debug.xcconfig"; path = "Pods/Target Support Files/Pods-jtcalendar/Pods-jtcalendar.debug.xcconfig"; sourceTree = "<group>"; };
/* End PBXFileReference section */

/* Begin PBXFrameworksBuildPhase section */
		4BBB31B71C2B564E00754371 /* Frameworks */ = {
			isa = PBXFrameworksBuildPhase;
			buildActionMask = 2147483647;
			files = (
				C97BE50B37C505CC203578F5 /* libPods-jtcalendar.a in Frameworks */,
			);
			runOnlyForDeploymentPostprocessing = 0;
		};
		4BBB31CE1C2B564E00754371 /* Frameworks */ = {
			isa = PBXFrameworksBuildPhase;
			buildActionMask = 2147483647;
			files = (
			);
			runOnlyForDeploymentPostprocessing = 0;
		};
		4BBB31D91C2B564E00754371 /* Frameworks */ = {
			isa = PBXFrameworksBuildPhase;
			buildActionMask = 2147483647;
			files = (
			);
			runOnlyForDeploymentPostprocessing = 0;
		};
/* End PBXFrameworksBuildPhase section */

/* Begin PBXGroup section */
		134D2C3334D6C71460A66D45 /* Pods */ = {
			isa = PBXGroup;
			children = (
				F75631CBBFF0F30ED26CCFA2 /* Pods-jtcalendar.debug.xcconfig */,
				EC16F59FDC80E57A005567EF /* Pods-jtcalendar.release.xcconfig */,
			);
			name = Pods;
			sourceTree = "<group>";
		};
		4BBB31B11C2B564E00754371 = {
			isa = PBXGroup;
			children = (
				4BBB31BC1C2B564E00754371 /* jtcalendar */,
				4BBB31D41C2B564E00754371 /* jtcalendarTests */,
				4BBB31DF1C2B564E00754371 /* jtcalendarUITests */,
				4BBB31BB1C2B564E00754371 /* Products */,
				134D2C3334D6C71460A66D45 /* Pods */,
				AA349F12CED7EA0C214F3423 /* Frameworks */,
			);
			sourceTree = "<group>";
		};
		4BBB31BB1C2B564E00754371 /* Products */ = {
			isa = PBXGroup;
			children = (
				4BBB31BA1C2B564E00754371 /* jtcalendar.app */,
				4BBB31D11C2B564E00754371 /* jtcalendarTests.xctest */,
				4BBB31DC1C2B564E00754371 /* jtcalendarUITests.xctest */,
			);
			name = Products;
			sourceTree = "<group>";
		};
		4BBB31BC1C2B564E00754371 /* jtcalendar */ = {
			isa = PBXGroup;
			children = (
				4BBB31BD1C2B564E00754371 /* AppDelegate.swift */,
				4BBB31BF1C2B564E00754371 /* ViewController.swift */,
				4BBB31C11C2B564E00754371 /* Main.storyboard */,
				4BBB31C71C2B564E00754371 /* Assets.xcassets */,
				4BBB31C91C2B564E00754371 /* LaunchScreen.storyboard */,
				4BBB31CC1C2B564E00754371 /* Info.plist */,
				4BBB31C41C2B564E00754371 /* jtcalendar.xcdatamodeld */,
			);
			path = jtcalendar;
			sourceTree = "<group>";
		};
		4BBB31D41C2B564E00754371 /* jtcalendarTests */ = {
			isa = PBXGroup;
			children = (
				4BBB31D51C2B564E00754371 /* jtcalendarTests.swift */,
				4BBB31D71C2B564E00754371 /* Info.plist */,
			);
			path = jtcalendarTests;
			sourceTree = "<group>";
		};
		4BBB31DF1C2B564E00754371 /* jtcalendarUITests */ = {
			isa = PBXGroup;
			children = (
				4BBB31E01C2B564E00754371 /* jtcalendarUITests.swift */,
				4BBB31E21C2B564E00754371 /* Info.plist */,
			);
			path = jtcalendarUITests;
			sourceTree = "<group>";
		};
		AA349F12CED7EA0C214F3423 /* Frameworks */ = {
			isa = PBXGroup;
			children = (
				E35CA0949683E3172D7F406F /* libPods-jtcalendar.a */,
			);
			name = Frameworks;
			sourceTree = "<group>";
		};
/* End PBXGroup section */

/* Begin PBXNativeTarget section */
		4BBB31B91C2B564E00754371 /* jtcalendar */ = {
			isa = PBXNativeTarget;
			buildConfigurationList = 4BBB31E51C2B564E00754371 /* Build configuration list for PBXNativeTarget "jtcalendar" */;
			buildPhases = (
				4486648B422829B6F3CBE753 /* Check Pods Manifest.lock */,
				4BBB31B61C2B564E00754371 /* Sources */,
				4BBB31B71C2B564E00754371 /* Frameworks */,
				4BBB31B81C2B564E00754371 /* Resources */,
				0F691BE5DF402681E7A5FD2A /* Embed Pods Frameworks */,
				C8E3FE1831D5974D660CEC5F /* Copy Pods Resources */,
			);
			buildRules = (
			);
			dependencies = (
			);
			name = jtcalendar;
			productName = jtcalendar;
			productReference = 4BBB31BA1C2B564E00754371 /* jtcalendar.app */;
			productType = "com.apple.product-type.application";
		};
		4BBB31D01C2B564E00754371 /* jtcalendarTests */ = {
			isa = PBXNativeTarget;
			buildConfigurationList = 4BBB31E81C2B564E00754371 /* Build configuration list for PBXNativeTarget "jtcalendarTests" */;
			buildPhases = (
				4BBB31CD1C2B564E00754371 /* Sources */,
				4BBB31CE1C2B564E00754371 /* Frameworks */,
				4BBB31CF1C2B564E00754371 /* Resources */,
			);
			buildRules = (
			);
			dependencies = (
				4BBB31D31C2B564E00754371 /* PBXTargetDependency */,
			);
			name = jtcalendarTests;
			productName = jtcalendarTests;
			productReference = 4BBB31D11C2B564E00754371 /* jtcalendarTests.xctest */;
			productType = "com.apple.product-type.bundle.unit-test";
		};
		4BBB31DB1C2B564E00754371 /* jtcalendarUITests */ = {
			isa = PBXNativeTarget;
			buildConfigurationList = 4BBB31EB1C2B564E00754371 /* Build configuration list for PBXNativeTarget "jtcalendarUITests" */;
			buildPhases = (
				4BBB31D81C2B564E00754371 /* Sources */,
				4BBB31D91C2B564E00754371 /* Frameworks */,
				4BBB31DA1C2B564E00754371 /* Resources */,
			);
			buildRules = (
			);
			dependencies = (
				4BBB31DE1C2B564E00754371 /* PBXTargetDependency */,
			);
			name = jtcalendarUITests;
			productName = jtcalendarUITests;
			productReference = 4BBB31DC1C2B564E00754371 /* jtcalendarUITests.xctest */;
			productType = "com.apple.product-type.bundle.ui-testing";
		};
/* End PBXNativeTarget section */

/* Begin PBXProject section */
		4BBB31B21C2B564E00754371 /* Project object */ = {
			isa = PBXProject;
			attributes = {
				LastSwiftUpdateCheck = 0720;
				LastUpgradeCheck = 0720;
				ORGANIZATIONNAME = "Eric Heitmuller";
				TargetAttributes = {
					4BBB31B91C2B564E00754371 = {
						CreatedOnToolsVersion = 7.2;
					};
					4BBB31D01C2B564E00754371 = {
						CreatedOnToolsVersion = 7.2;
						TestTargetID = 4BBB31B91C2B564E00754371;
					};
					4BBB31DB1C2B564E00754371 = {
						CreatedOnToolsVersion = 7.2;
						TestTargetID = 4BBB31B91C2B564E00754371;
					};
				};
			};
			buildConfigurationList = 4BBB31B51C2B564E00754371 /* Build configuration list for PBXProject "jtcalendar" */;
			compatibilityVersion = "Xcode 3.2";
			developmentRegion = English;
			hasScannedForEncodings = 0;
			knownRegions = (
				en,
				Base,
			);
			mainGroup = 4BBB31B11C2B564E00754371;
			productRefGroup = 4BBB31BB1C2B564E00754371 /* Products */;
			projectDirPath = "";
			projectRoot = "";
			targets = (
				4BBB31B91C2B564E00754371 /* jtcalendar */,
				4BBB31D01C2B564E00754371 /* jtcalendarTests */,
				4BBB31DB1C2B564E00754371 /* jtcalendarUITests */,
			);
		};
/* End PBXProject section */

/* Begin PBXResourcesBuildPhase section */
		4BBB31B81C2B564E00754371 /* Resources */ = {
			isa = PBXResourcesBuildPhase;
			buildActionMask = 2147483647;
			files = (
				4BBB31CB1C2B564E00754371 /* LaunchScreen.storyboard in Resources */,
				4BBB31C81C2B564E00754371 /* Assets.xcassets in Resources */,
				4BBB31C31C2B564E00754371 /* Main.storyboard in Resources */,
			);
			runOnlyForDeploymentPostprocessing = 0;
		};
		4BBB31CF1C2B564E00754371 /* Resources */ = {
			isa = PBXResourcesBuildPhase;
			buildActionMask = 2147483647;
			files = (
			);
			runOnlyForDeploymentPostprocessing = 0;
		};
		4BBB31DA1C2B564E00754371 /* Resources */ = {
			isa = PBXResourcesBuildPhase;
			buildActionMask = 2147483647;
			files = (
			);
			runOnlyForDeploymentPostprocessing = 0;
		};
/* End PBXResourcesBuildPhase section */

/* Begin PBXShellScriptBuildPhase section */
		0F691BE5DF402681E7A5FD2A /* Embed Pods Frameworks */ = {
			isa = PBXShellScriptBuildPhase;
			buildActionMask = 2147483647;
			files = (
			);
			inputPaths = (
			);
			name = "Embed Pods Frameworks";
			outputPaths = (
			);
			runOnlyForDeploymentPostprocessing = 0;
			shellPath = /bin/sh;
			shellScript = "\"${SRCROOT}/Pods/Target Support Files/Pods-jtcalendar/Pods-jtcalendar-frameworks.sh\"\n";
			showEnvVarsInLog = 0;
		};
		4486648B422829B6F3CBE753 /* Check Pods Manifest.lock */ = {
			isa = PBXShellScriptBuildPhase;
			buildActionMask = 2147483647;
			files = (
			);
			inputPaths = (
			);
			name = "Check Pods Manifest.lock";
			outputPaths = (
			);
			runOnlyForDeploymentPostprocessing = 0;
			shellPath = /bin/sh;
			shellScript = "diff \"${PODS_ROOT}/../Podfile.lock\" \"${PODS_ROOT}/Manifest.lock\" > /dev/null\nif [[ $? != 0 ]] ; then\n    cat << EOM\nerror: The sandbox is not in sync with the Podfile.lock. Run 'pod install' or update your CocoaPods installation.\nEOM\n    exit 1\nfi\n";
			showEnvVarsInLog = 0;
		};
		C8E3FE1831D5974D660CEC5F /* Copy Pods Resources */ = {
			isa = PBXShellScriptBuildPhase;
			buildActionMask = 2147483647;
			files = (
			);
			inputPaths = (
			);
			name = "Copy Pods Resources";
			outputPaths = (
			);
			runOnlyForDeploymentPostprocessing = 0;
			shellPath = /bin/sh;
			shellScript = "\"${SRCROOT}/Pods/Target Support Files/Pods-jtcalendar/Pods-jtcalendar-resources.sh\"\n";
			showEnvVarsInLog = 0;
		};
/* End PBXShellScriptBuildPhase section */

/* Begin PBXSourcesBuildPhase section */
		4BBB31B61C2B564E00754371 /* Sources */ = {
			isa = PBXSourcesBuildPhase;
			buildActionMask = 2147483647;
			files = (
				4BBB31C61C2B564E00754371 /* jtcalendar.xcdatamodeld in Sources */,
				4BBB31C01C2B564E00754371 /* ViewController.swift in Sources */,
				4BBB31BE1C2B564E00754371 /* AppDelegate.swift in Sources */,
			);
			runOnlyForDeploymentPostprocessing = 0;
		};
		4BBB31CD1C2B564E00754371 /* Sources */ = {
			isa = PBXSourcesBuildPhase;
			buildActionMask = 2147483647;
			files = (
				4BBB31D61C2B564E00754371 /* jtcalendarTests.swift in Sources */,
			);
			runOnlyForDeploymentPostprocessing = 0;
		};
		4BBB31D81C2B564E00754371 /* Sources */ = {
			isa = PBXSourcesBuildPhase;
			buildActionMask = 2147483647;
			files = (
				4BBB31E11C2B564E00754371 /* jtcalendarUITests.swift in Sources */,
			);
			runOnlyForDeploymentPostprocessing = 0;
		};
/* End PBXSourcesBuildPhase section */

/* Begin PBXTargetDependency section */
		4BBB31D31C2B564E00754371 /* PBXTargetDependency */ = {
			isa = PBXTargetDependency;
			target = 4BBB31B91C2B564E00754371 /* jtcalendar */;
			targetProxy = 4BBB31D21C2B564E00754371 /* PBXContainerItemProxy */;
		};
		4BBB31DE1C2B564E00754371 /* PBXTargetDependency */ = {
			isa = PBXTargetDependency;
			target = 4BBB31B91C2B564E00754371 /* jtcalendar */;
			targetProxy = 4BBB31DD1C2B564E00754371 /* PBXContainerItemProxy */;
		};
/* End PBXTargetDependency section */

/* Begin PBXVariantGroup section */
		4BBB31C11C2B564E00754371 /* Main.storyboard */ = {
			isa = PBXVariantGroup;
			children = (
				4BBB31C21C2B564E00754371 /* Base */,
			);
			name = Main.storyboard;
			sourceTree = "<group>";
		};
		4BBB31C91C2B564E00754371 /* LaunchScreen.storyboard */ = {
			isa = PBXVariantGroup;
			children = (
				4BBB31CA1C2B564E00754371 /* Base */,
			);
			name = LaunchScreen.storyboard;
			sourceTree = "<group>";
		};
/* End PBXVariantGroup section */

/* Begin XCBuildConfiguration section */
		4BBB31E31C2B564E00754371 /* Debug */ = {
			isa = XCBuildConfiguration;
			buildSettings = {
				ALWAYS_SEARCH_USER_PATHS = NO;
				CLANG_CXX_LANGUAGE_STANDARD = "gnu++0x";
				CLANG_CXX_LIBRARY = "libc++";
				CLANG_ENABLE_MODULES = YES;
				CLANG_ENABLE_OBJC_ARC = YES;
				CLANG_WARN_BOOL_CONVERSION = YES;
				CLANG_WARN_CONSTANT_CONVERSION = YES;
				CLANG_WARN_DIRECT_OBJC_ISA_USAGE = YES_ERROR;
				CLANG_WARN_EMPTY_BODY = YES;
				CLANG_WARN_ENUM_CONVERSION = YES;
				CLANG_WARN_INT_CONVERSION = YES;
				CLANG_WARN_OBJC_ROOT_CLASS = YES_ERROR;
				CLANG_WARN_UNREACHABLE_CODE = YES;
				CLANG_WARN__DUPLICATE_METHOD_MATCH = YES;
				"CODE_SIGN_IDENTITY[sdk=iphoneos*]" = "iPhone Developer";
				COPY_PHASE_STRIP = NO;
				DEBUG_INFORMATION_FORMAT = dwarf;
				ENABLE_STRICT_OBJC_MSGSEND = YES;
				ENABLE_TESTABILITY = YES;
				GCC_C_LANGUAGE_STANDARD = gnu99;
				GCC_DYNAMIC_NO_PIC = NO;
				GCC_NO_COMMON_BLOCKS = YES;
				GCC_OPTIMIZATION_LEVEL = 0;
				GCC_PREPROCESSOR_DEFINITIONS = (
					"DEBUG=1",
					"$(inherited)",
				);
				GCC_WARN_64_TO_32_BIT_CONVERSION = YES;
				GCC_WARN_ABOUT_RETURN_TYPE = YES_ERROR;
				GCC_WARN_UNDECLARED_SELECTOR = YES;
				GCC_WARN_UNINITIALIZED_AUTOS = YES_AGGRESSIVE;
				GCC_WARN_UNUSED_FUNCTION = YES;
				GCC_WARN_UNUSED_VARIABLE = YES;
				IPHONEOS_DEPLOYMENT_TARGET = 9.2;
				MTL_ENABLE_DEBUG_INFO = YES;
				ONLY_ACTIVE_ARCH = YES;
				SDKROOT = iphoneos;
				SWIFT_OPTIMIZATION_LEVEL = "-Onone";
			};
			name = Debug;
		};
		4BBB31E41C2B564E00754371 /* Release */ = {
			isa = XCBuildConfiguration;
			buildSettings = {
				ALWAYS_SEARCH_USER_PATHS = NO;
				CLANG_CXX_LANGUAGE_STANDARD = "gnu++0x";
				CLANG_CXX_LIBRARY = "libc++";
				CLANG_ENABLE_MODULES = YES;
				CLANG_ENABLE_OBJC_ARC = YES;
				CLANG_WARN_BOOL_CONVERSION = YES;
				CLANG_WARN_CONSTANT_CONVERSION = YES;
				CLANG_WARN_DIRECT_OBJC_ISA_USAGE = YES_ERROR;
				CLANG_WARN_EMPTY_BODY = YES;
				CLANG_WARN_ENUM_CONVERSION = YES;
				CLANG_WARN_INT_CONVERSION = YES;
				CLANG_WARN_OBJC_ROOT_CLASS = YES_ERROR;
				CLANG_WARN_UNREACHABLE_CODE = YES;
				CLANG_WARN__DUPLICATE_METHOD_MATCH = YES;
				"CODE_SIGN_IDENTITY[sdk=iphoneos*]" = "iPhone Developer";
				COPY_PHASE_STRIP = NO;
				DEBUG_INFORMATION_FORMAT = "dwarf-with-dsym";
				ENABLE_NS_ASSERTIONS = NO;
				ENABLE_STRICT_OBJC_MSGSEND = YES;
				GCC_C_LANGUAGE_STANDARD = gnu99;
				GCC_NO_COMMON_BLOCKS = YES;
				GCC_WARN_64_TO_32_BIT_CONVERSION = YES;
				GCC_WARN_ABOUT_RETURN_TYPE = YES_ERROR;
				GCC_WARN_UNDECLARED_SELECTOR = YES;
				GCC_WARN_UNINITIALIZED_AUTOS = YES_AGGRESSIVE;
				GCC_WARN_UNUSED_FUNCTION = YES;
				GCC_WARN_UNUSED_VARIABLE = YES;
				IPHONEOS_DEPLOYMENT_TARGET = 9.2;
				MTL_ENABLE_DEBUG_INFO = NO;
				SDKROOT = iphoneos;
				VALIDATE_PRODUCT = YES;
			};
			name = Release;
		};
		4BBB31E61C2B564E00754371 /* Debug */ = {
			isa = XCBuildConfiguration;
			baseConfigurationReference = F75631CBBFF0F30ED26CCFA2 /* Pods-jtcalendar.debug.xcconfig */;
			buildSettings = {
				ASSETCATALOG_COMPILER_APPICON_NAME = AppIcon;
				INFOPLIST_FILE = jtcalendar/Info.plist;
				LD_RUNPATH_SEARCH_PATHS = "$(inherited) @executable_path/Frameworks";
				PRODUCT_BUNDLE_IDENTIFIER = com.elite.jtcalendar;
				PRODUCT_NAME = "$(TARGET_NAME)";
			};
			name = Debug;
		};
		4BBB31E71C2B564E00754371 /* Release */ = {
			isa = XCBuildConfiguration;
			baseConfigurationReference = EC16F59FDC80E57A005567EF /* Pods-jtcalendar.release.xcconfig */;
			buildSettings = {
				ASSETCATALOG_COMPILER_APPICON_NAME = AppIcon;
				INFOPLIST_FILE = jtcalendar/Info.plist;
				LD_RUNPATH_SEARCH_PATHS = "$(inherited) @executable_path/Frameworks";
				PRODUCT_BUNDLE_IDENTIFIER = com.elite.jtcalendar;
				PRODUCT_NAME = "$(TARGET_NAME)";
			};
			name = Release;
		};
		4BBB31E91C2B564E00754371 /* Debug */ = {
			isa = XCBuildConfiguration;
			buildSettings = {
				BUNDLE_LOADER = "$(TEST_HOST)";
				INFOPLIST_FILE = jtcalendarTests/Info.plist;
				LD_RUNPATH_SEARCH_PATHS = "$(inherited) @executable_path/Frameworks @loader_path/Frameworks";
				PRODUCT_BUNDLE_IDENTIFIER = com.elite.jtcalendarTests;
				PRODUCT_NAME = "$(TARGET_NAME)";
				TEST_HOST = "$(BUILT_PRODUCTS_DIR)/jtcalendar.app/jtcalendar";
			};
			name = Debug;
		};
		4BBB31EA1C2B564E00754371 /* Release */ = {
			isa = XCBuildConfiguration;
			buildSettings = {
				BUNDLE_LOADER = "$(TEST_HOST)";
				INFOPLIST_FILE = jtcalendarTests/Info.plist;
				LD_RUNPATH_SEARCH_PATHS = "$(inherited) @executable_path/Frameworks @loader_path/Frameworks";
				PRODUCT_BUNDLE_IDENTIFIER = com.elite.jtcalendarTests;
				PRODUCT_NAME = "$(TARGET_NAME)";
				TEST_HOST = "$(BUILT_PRODUCTS_DIR)/jtcalendar.app/jtcalendar";
			};
			name = Release;
		};
		4BBB31EC1C2B564E00754371 /* Debug */ = {
			isa = XCBuildConfiguration;
			buildSettings = {
				INFOPLIST_FILE = jtcalendarUITests/Info.plist;
				LD_RUNPATH_SEARCH_PATHS = "$(inherited) @executable_path/Frameworks @loader_path/Frameworks";
				PRODUCT_BUNDLE_IDENTIFIER = com.elite.jtcalendarUITests;
				PRODUCT_NAME = "$(TARGET_NAME)";
				TEST_TARGET_NAME = jtcalendar;
				USES_XCTRUNNER = YES;
			};
			name = Debug;
		};
		4BBB31ED1C2B564E00754371 /* Release */ = {
			isa = XCBuildConfiguration;
			buildSettings = {
				INFOPLIST_FILE = jtcalendarUITests/Info.plist;
				LD_RUNPATH_SEARCH_PATHS = "$(inherited) @executable_path/Frameworks @loader_path/Frameworks";
				PRODUCT_BUNDLE_IDENTIFIER = com.elite.jtcalendarUITests;
				PRODUCT_NAME = "$(TARGET_NAME)";
				TEST_TARGET_NAME = jtcalendar;
				USES_XCTRUNNER = YES;
			};
			name = Release;
		};
/* End XCBuildConfiguration section */

/* Begin XCConfigurationList section */
		4BBB31B51C2B564E00754371 /* Build configuration list for PBXProject "jtcalendar" */ = {
			isa = XCConfigurationList;
			buildConfigurations = (
				4BBB31E31C2B564E00754371 /* Debug */,
				4BBB31E41C2B564E00754371 /* Release */,
			);
			defaultConfigurationIsVisible = 0;
			defaultConfigurationName = Release;
		};
		4BBB31E51C2B564E00754371 /* Build configuration list for PBXNativeTarget "jtcalendar" */ = {
			isa = XCConfigurationList;
			buildConfigurations = (
				4BBB31E61C2B564E00754371 /* Debug */,
				4BBB31E71C2B564E00754371 /* Release */,
			);
			defaultConfigurationIsVisible = 0;
			defaultConfigurationName = Release;
		};
		4BBB31E81C2B564E00754371 /* Build configuration list for PBXNativeTarget "jtcalendarTests" */ = {
			isa = XCConfigurationList;
			buildConfigurations = (
				4BBB31E91C2B564E00754371 /* Debug */,
				4BBB31EA1C2B564E00754371 /* Release */,
			);
			defaultConfigurationIsVisible = 0;
			defaultConfigurationName = Release;
		};
		4BBB31EB1C2B564E00754371 /* Build configuration list for PBXNativeTarget "jtcalendarUITests" */ = {
			isa = XCConfigurationList;
			buildConfigurations = (
				4BBB31EC1C2B564E00754371 /* Debug */,
				4BBB31ED1C2B564E00754371 /* Release */,
			);
			defaultConfigurationIsVisible = 0;
			defaultConfigurationName = Release;
		};
/* End XCConfigurationList section */

/* Begin XCVersionGroup section */
		4BBB31C41C2B564E00754371 /* jtcalendar.xcdatamodeld */ = {
			isa = XCVersionGroup;
			children = (
				4BBB31C51C2B564E00754371 /* jtcalendar.xcdatamodel */,
			);
			currentVersion = 4BBB31C51C2B564E00754371 /* jtcalendar.xcdatamodel */;
			path = jtcalendar.xcdatamodeld;
			sourceTree = "<group>";
			versionGroupType = wrapper.xcdatamodel;
		};
/* End XCVersionGroup section */
	};
	rootObject = 4BBB31B21C2B564E00754371 /* Project object */;
}
